
Microsoft Visual Studio Solution File, Format Version 12.00
# Visual Studio Version 16
VisualStudioVersion = 16.0.31515.178
MinimumVisualStudioVersion = 10.0.40219.1
Project("{9A19103F-16F7-4668-BE54-9A1E7A4F7556}") = "LambdaDotNetDebug", "LambdaDotNetDebug.csproj", "{CAA4CB4A-1635-4A12-A568-9CCD2D962E0B}"
EndProject
Global
	GlobalSection(SolutionConfigurationPlatforms) = preSolution
		Debug|Any CPU = Debug|Any CPU
		Release|Any CPU = Release|Any CPU
	EndGlobalSection
	GlobalSection(ProjectConfigurationPlatforms) = postSolution
		{CAA4CB4A-1635-4A12-A568-9CCD2D962E0B}.Debug|Any CPU.ActiveCfg = Debug|Any CPU
		{CAA4CB4A-1635-4A12-A568-9CCD2D962E0B}.Debug|Any CPU.Build.0 = Debug|Any CPU
		{CAA4CB4A-1635-4A12-A568-9CCD2D962E0B}.Release|Any CPU.ActiveCfg = Release|Any CPU
		{CAA4CB4A-1635-4A12-A568-9CCD2D962E0B}.Release|Any CPU.Build.0 = Release|Any CPU
	EndGlobalSection
	GlobalSection(SolutionProperties) = preSolution
		HideSolutionNode = FALSE
	EndGlobalSection
	GlobalSection(ExtensibilityGlobals) = postSolution
		SolutionGuid = {F57449FF-FCF8-431D-8979-4199E324D59D}
	EndGlobalSection
EndGlobal
